# THIS IS AN AUTOGENERATED FILE. DO NOT EDIT THIS FILE DIRECTLY.
# yarn lockfile v1


luxon@^1.27.0:
  version "1.27.0"
  resolved "https://registry.yarnpkg.com/luxon/-/luxon-1.27.0.tgz#ae10c69113d85dab8f15f5e8390d0cbeddf4f00f"
  integrity sha512-VKsFsPggTA0DvnxtJdiExAucKdAnwbCCNlMM5ENvHlxubqWd0xhZcdb4XgZ7QFNhaRhilXCFxHuoObP5BNA4PA==
